<?xml version="1.0" encoding="utf-8"?>
<Project ToolsVersion="4.0" xmlns="http://schemas.microsoft.com/developer/msbuild/2003">
  <ItemGroup>
    <Filter Include="Source Files">
      <UniqueIdentifier>{4FC737F1-C7A5-4376-A066-2A32D752A2FF}</UniqueIdentifier>
      <Extensions>cpp;c;cc;cxx;c++;cppm;ixx;def;odl;idl;hpj;bat;asm;asmx</Extensions>
    </Filter>
    <Filter Include="Header Files">
      <UniqueIdentifier>{93995380-89BD-4b04-88EB-625FBE52EBFB}</UniqueIdentifier>
      <Extensions>h;hh;hpp;hxx;h++;hm;inl;inc;ipp;xsd</Extensions>
    </Filter>
    <Filter Include="Resource Files">
      <UniqueIdentifier>{67DA6AB6-F800-4c08-8B7A-83BB121AAD01}</UniqueIdentifier>
      <Extensions>rc;ico;cur;bmp;dlg;rc2;rct;bin;rgs;gif;jpg;jpeg;jpe;resx;tiff;tif;png;wav;mfcribbon-ms</Extensions>
    </Filter>
    <Filter Include="Header Files\DataStructures">
      <UniqueIdentifier>{738cc427-78c9-461b-8067-79e546c39939}</UniqueIdentifier>
    </Filter>
    <Filter Include="Header Files\Rovers">
      <UniqueIdentifier>{3575da9d-6343-4ff7-a4e5-20d6a69681e2}</UniqueIdentifier>
    </Filter>
    <Filter Include="Header Files\Missions">
      <UniqueIdentifier>{2cebca8c-769b-4d01-8422-0831dc1a7663}</UniqueIdentifier>
    </Filter>
  </ItemGroup>
  <ItemGroup>
    <ClCompile Include="main.cpp">
      <Filter>Source Files</Filter>
    </ClCompile>
  </ItemGroup>
  <ItemGroup>
    <ClInclude Include="MarsStation.h">
      <Filter>Header Files</Filter>
    </ClInclude>
    <ClInclude Include="DataStructures\List.h">
      <Filter>Header Files\DataStructures</Filter>
    </ClInclude>
    <ClInclude Include="DataStructures\ListADT.h">
      <Filter>Header Files\DataStructures</Filter>
    </ClInclude>
    <ClInclude Include="DataStructures\Node.h">
      <Filter>Header Files\DataStructures</Filter>
    </ClInclude>
    <ClInclude Include="DataStructures\PriorityQueue.h">
      <Filter>Header Files\DataStructures</Filter>
    </ClInclude>
    <ClInclude Include="DataStructures\PriorityQueueADT.h">
      <Filter>Header Files\DataStructures</Filter>
    </ClInclude>
    <ClInclude Include="DataStructures\Queue.h">
      <Filter>Header Files\DataStructures</Filter>
    </ClInclude>
    <ClInclude Include="DataStructures\QueueADT.h">
      <Filter>Header Files\DataStructures</Filter>
    </ClInclude>
    <ClInclude Include="Rover.h">
      <Filter>Header Files\Rovers</Filter>
    </ClInclude>
    <ClInclude Include="PolarRover.h">
      <Filter>Header Files\Rovers</Filter>
    </ClInclude>
    <ClInclude Include="MountainousRover.h">
      <Filter>Header Files\Rovers</Filter>
    </ClInclude>
    <ClInclude Include="EmergencyRover.h">
      <Filter>Header Files\Rovers</Filter>
    </ClInclude>
    <ClInclude Include="EmergencyMission.h">
      <Filter>Header Files\Missions</Filter>
    </ClInclude>
    <ClInclude Include="Mission.h">
      <Filter>Header Files\Missions</Filter>
    </ClInclude>
    <ClInclude Include="MountainousMission.h">
      <Filter>Header Files\Missions</Filter>
    </ClInclude>
    <ClInclude Include="PolarMission.h">
      <Filter>Header Files\Missions</Filter>
    </ClInclude>
  </ItemGroup>
</Project>